
Microsoft Visual Studio Solution File, Format Version 12.00
# Visual Studio Version 17
VisualStudioVersion = 17.5.001.0
MinimumVisualStudioVersion = 10.0.40219.1
Project("{9A19103F-16F7-4668-BE54-9A1E7A4F7556}") = "dotnet-efcore", "dotnet-efcore.csproj", "{08244103-F464-4A33-9F44-0284DE1B0AC0}"
EndProject
Global
	GlobalSection(SolutionConfigurationPlatforms) = preSolution
		Debug|Any CPU = Debug|Any CPU
		Release|Any CPU = Release|Any CPU
	EndGlobalSection
	GlobalSection(ProjectConfigurationPlatforms) = postSolution
		{08244103-F464-4A33-9F44-0284DE1B0AC0}.Debug|Any CPU.ActiveCfg = Debug|Any CPU
		{08244103-F464-4A33-9F44-0284DE1B0AC0}.Debug|Any CPU.Build.0 = Debug|Any CPU
		{08244103-F464-4A33-9F44-0284DE1B0AC0}.Release|Any CPU.ActiveCfg = Release|Any CPU
		{08244103-F464-4A33-9F44-0284DE1B0AC0}.Release|Any CPU.Build.0 = Release|Any CPU
	EndGlobalSection
	GlobalSection(SolutionProperties) = preSolution
		HideSolutionNode = FALSE
	EndGlobalSection
	GlobalSection(ExtensibilityGlobals) = postSolution
		SolutionGuid = {05C08FBA-DC9F-4B92-9ED4-6FEF8B98E507}
	EndGlobalSection
EndGlobal
